
Microsoft Visual Studio Solution File, Format Version 12.00
# Visual Studio Version 17
VisualStudioVersion = 17.0.31903.59
MinimumVisualStudioVersion = 10.0.40219.1
Project("{FAE04EC0-301F-11D3-BF4B-00C04F79EFBC}") = "FirstLabLib", "FirstLabLib\FirstLabLib.csproj", "{DFC5B531-7068-4E08-8B90-1BF30DDFD949}"
EndProject
Project("{FAE04EC0-301F-11D3-BF4B-00C04F79EFBC}") = "FirstLabDemo", "FirstLabDemo\FirstLabDemo.csproj", "{5F0BE6EC-A57B-46EE-83C4-85D227469B43}"
EndProject
Global
	GlobalSection(SolutionConfigurationPlatforms) = preSolution
		Debug|Any CPU = Debug|Any CPU
		Debug|x64 = Debug|x64
		Debug|x86 = Debug|x86
		Release|Any CPU = Release|Any CPU
		Release|x64 = Release|x64
		Release|x86 = Release|x86
	EndGlobalSection
	GlobalSection(ProjectConfigurationPlatforms) = postSolution
		{DFC5B531-7068-4E08-8B90-1BF30DDFD949}.Debug|Any CPU.ActiveCfg = Debug|Any CPU
		{DFC5B531-7068-4E08-8B90-1BF30DDFD949}.Debug|Any CPU.Build.0 = Debug|Any CPU
		{DFC5B531-7068-4E08-8B90-1BF30DDFD949}.Debug|x64.ActiveCfg = Debug|Any CPU
		{DFC5B531-7068-4E08-8B90-1BF30DDFD949}.Debug|x64.Build.0 = Debug|Any CPU
		{DFC5B531-7068-4E08-8B90-1BF30DDFD949}.Debug|x86.ActiveCfg = Debug|Any CPU
		{DFC5B531-7068-4E08-8B90-1BF30DDFD949}.Debug|x86.Build.0 = Debug|Any CPU
		{DFC5B531-7068-4E08-8B90-1BF30DDFD949}.Release|Any CPU.ActiveCfg = Release|Any CPU
		{DFC5B531-7068-4E08-8B90-1BF30DDFD949}.Release|Any CPU.Build.0 = Release|Any CPU
		{DFC5B531-7068-4E08-8B90-1BF30DDFD949}.Release|x64.ActiveCfg = Release|Any CPU
		{DFC5B531-7068-4E08-8B90-1BF30DDFD949}.Release|x64.Build.0 = Release|Any CPU
		{DFC5B531-7068-4E08-8B90-1BF30DDFD949}.Release|x86.ActiveCfg = Release|Any CPU
		{DFC5B531-7068-4E08-8B90-1BF30DDFD949}.Release|x86.Build.0 = Release|Any CPU
		{5F0BE6EC-A57B-46EE-83C4-85D227469B43}.Debug|Any CPU.ActiveCfg = Debug|Any CPU
		{5F0BE6EC-A57B-46EE-83C4-85D227469B43}.Debug|Any CPU.Build.0 = Debug|Any CPU
		{5F0BE6EC-A57B-46EE-83C4-85D227469B43}.Debug|x64.ActiveCfg = Debug|Any CPU
		{5F0BE6EC-A57B-46EE-83C4-85D227469B43}.Debug|x64.Build.0 = Debug|Any CPU
		{5F0BE6EC-A57B-46EE-83C4-85D227469B43}.Debug|x86.ActiveCfg = Debug|Any CPU
		{5F0BE6EC-A57B-46EE-83C4-85D227469B43}.Debug|x86.Build.0 = Debug|Any CPU
		{5F0BE6EC-A57B-46EE-83C4-85D227469B43}.Release|Any CPU.ActiveCfg = Release|Any CPU
		{5F0BE6EC-A57B-46EE-83C4-85D227469B43}.Release|Any CPU.Build.0 = Release|Any CPU
		{5F0BE6EC-A57B-46EE-83C4-85D227469B43}.Release|x64.ActiveCfg = Release|Any CPU
		{5F0BE6EC-A57B-46EE-83C4-85D227469B43}.Release|x64.Build.0 = Release|Any CPU
		{5F0BE6EC-A57B-46EE-83C4-85D227469B43}.Release|x86.ActiveCfg = Release|Any CPU
		{5F0BE6EC-A57B-46EE-83C4-85D227469B43}.Release|x86.Build.0 = Release|Any CPU
	EndGlobalSection
	GlobalSection(SolutionProperties) = preSolution
		HideSolutionNode = FALSE
	EndGlobalSection
EndGlobal
